
Microsoft Visual Studio Solution File, Format Version 12.00
# Visual Studio Version 16
VisualStudioVersion = 16.0.29613.14
MinimumVisualStudioVersion = 10.0.40219.1
Project("{FAE04EC0-301F-11D3-BF4B-00C04F79EFBC}") = "Software Development Assignment", "AssignmentSetup\Software Development Assignment.csproj", "{B9445041-7AD3-4560-BAAE-D5B07C4B6048}"
EndProject
Project("{FAE04EC0-301F-11D3-BF4B-00C04F79EFBC}") = "Software Development Tests", "AssignmentSetupTests\Software Development Tests.csproj", "{1B934ED8-6110-4711-80BD-FA1FD2FBB8D8}"
EndProject
Global
	GlobalSection(SolutionConfigurationPlatforms) = preSolution
		Debug|Any CPU = Debug|Any CPU
		Release|Any CPU = Release|Any CPU
	EndGlobalSection
	GlobalSection(ProjectConfigurationPlatforms) = postSolution
		{B9445041-7AD3-4560-BAAE-D5B07C4B6048}.Debug|Any CPU.ActiveCfg = Debug|Any CPU
		{B9445041-7AD3-4560-BAAE-D5B07C4B6048}.Debug|Any CPU.Build.0 = Debug|Any CPU
		{B9445041-7AD3-4560-BAAE-D5B07C4B6048}.Release|Any CPU.ActiveCfg = Release|Any CPU
		{B9445041-7AD3-4560-BAAE-D5B07C4B6048}.Release|Any CPU.Build.0 = Release|Any CPU
		{1B934ED8-6110-4711-80BD-FA1FD2FBB8D8}.Debug|Any CPU.ActiveCfg = Debug|Any CPU
		{1B934ED8-6110-4711-80BD-FA1FD2FBB8D8}.Debug|Any CPU.Build.0 = Debug|Any CPU
		{1B934ED8-6110-4711-80BD-FA1FD2FBB8D8}.Release|Any CPU.ActiveCfg = Release|Any CPU
		{1B934ED8-6110-4711-80BD-FA1FD2FBB8D8}.Release|Any CPU.Build.0 = Release|Any CPU
	EndGlobalSection
	GlobalSection(SolutionProperties) = preSolution
		HideSolutionNode = FALSE
	EndGlobalSection
	GlobalSection(ExtensibilityGlobals) = postSolution
		SolutionGuid = {677BDA58-A39D-4298-8650-D52B95FCA2E4}
	EndGlobalSection
EndGlobal
